
Microsoft Visual Studio Solution File, Format Version 12.00
# Visual Studio Version 17
VisualStudioVersion = 17.3.32929.385
MinimumVisualStudioVersion = 10.0.40219.1
Project("{FAE04EC0-301F-11D3-BF4B-00C04F79EFBC}") = "WebApplication2", "WebApplication2\WebApplication2.csproj", "{F3A699A2-0F92-4483-9644-B6CB17659F09}"
EndProject
Global
	GlobalSection(SolutionConfigurationPlatforms) = preSolution
		Debug|Any CPU = Debug|Any CPU
		Release|Any CPU = Release|Any CPU
	EndGlobalSection
	GlobalSection(ProjectConfigurationPlatforms) = postSolution
		{F3A699A2-0F92-4483-9644-B6CB17659F09}.Debug|Any CPU.ActiveCfg = Debug|Any CPU
		{F3A699A2-0F92-4483-9644-B6CB17659F09}.Debug|Any CPU.Build.0 = Debug|Any CPU
		{F3A699A2-0F92-4483-9644-B6CB17659F09}.Release|Any CPU.ActiveCfg = Release|Any CPU
		{F3A699A2-0F92-4483-9644-B6CB17659F09}.Release|Any CPU.Build.0 = Release|Any CPU
	EndGlobalSection
	GlobalSection(SolutionProperties) = preSolution
		HideSolutionNode = FALSE
	EndGlobalSection
	GlobalSection(ExtensibilityGlobals) = postSolution
		SolutionGuid = {0A8610EA-DF0A-4CF3-804B-DCDC69D019A3}
	EndGlobalSection
EndGlobal
